
Microsoft Visual Studio Solution File, Format Version 12.00
# Visual Studio Version 16
VisualStudioVersion = 16.0.31005.135
MinimumVisualStudioVersion = 10.0.40219.1
Project("{9A19103F-16F7-4668-BE54-9A1E7A4F7556}") = "GameBoardAuction", "GameBoardAuction\GameBoardAuction.csproj", "{8E174669-046E-4B8F-B74D-18FE33032666}"
EndProject
Project("{FAE04EC0-301F-11D3-BF4B-00C04F79EFBC}") = "GameBoardAuction.Entities", "GameBoardAuction.Entities\GameBoardAuction.Entities.csproj", "{29CB82EF-D51B-4888-932F-3E6EB2CA5369}"
EndProject
Global
	GlobalSection(SolutionConfigurationPlatforms) = preSolution
		Debug|Any CPU = Debug|Any CPU
		Release|Any CPU = Release|Any CPU
	EndGlobalSection
	GlobalSection(ProjectConfigurationPlatforms) = postSolution
		{8E174669-046E-4B8F-B74D-18FE33032666}.Debug|Any CPU.ActiveCfg = Debug|Any CPU
		{8E174669-046E-4B8F-B74D-18FE33032666}.Debug|Any CPU.Build.0 = Debug|Any CPU
		{8E174669-046E-4B8F-B74D-18FE33032666}.Release|Any CPU.ActiveCfg = Release|Any CPU
		{8E174669-046E-4B8F-B74D-18FE33032666}.Release|Any CPU.Build.0 = Release|Any CPU
		{29CB82EF-D51B-4888-932F-3E6EB2CA5369}.Debug|Any CPU.ActiveCfg = Debug|Any CPU
		{29CB82EF-D51B-4888-932F-3E6EB2CA5369}.Debug|Any CPU.Build.0 = Debug|Any CPU
		{29CB82EF-D51B-4888-932F-3E6EB2CA5369}.Release|Any CPU.ActiveCfg = Release|Any CPU
		{29CB82EF-D51B-4888-932F-3E6EB2CA5369}.Release|Any CPU.Build.0 = Release|Any CPU
	EndGlobalSection
	GlobalSection(SolutionProperties) = preSolution
		HideSolutionNode = FALSE
	EndGlobalSection
	GlobalSection(ExtensibilityGlobals) = postSolution
		SolutionGuid = {FA0FCBEB-C47E-430B-9164-BE2E22978A10}
	EndGlobalSection
EndGlobal
